
Microsoft Visual Studio Solution File, Format Version 12.00
Project("{FAE04EC0-301F-11D3-BF4B-00C04F79EFBC}") = "DEAC_2EP", "DEAC_2EP.csproj", "{88B47B34-1632-4366-92E5-AB286E3755AF}"
EndProject
Global
	GlobalSection(SolutionConfigurationPlatforms) = preSolution
		Debug|Any CPU = Debug|Any CPU
		Release|Any CPU = Release|Any CPU
	EndGlobalSection
	GlobalSection(ProjectConfigurationPlatforms) = postSolution
		{88B47B34-1632-4366-92E5-AB286E3755AF}.Debug|Any CPU.ActiveCfg = Debug|Any CPU
		{88B47B34-1632-4366-92E5-AB286E3755AF}.Debug|Any CPU.Build.0 = Debug|Any CPU
		{88B47B34-1632-4366-92E5-AB286E3755AF}.Release|Any CPU.ActiveCfg = Release|Any CPU
		{88B47B34-1632-4366-92E5-AB286E3755AF}.Release|Any CPU.Build.0 = Release|Any CPU
	EndGlobalSection
EndGlobal
